// !$*UTF8*$!
{
	archiveVersion = 1;
	classes = {
	};
	objectVersion = 56;
	objects = {

/* Begin PBXBuildFile section */
		563C25D62993227D00A75F65 /* DinamicTabIndicatorsApp.swift in Sources */ = {isa = PBXBuildFile; fileRef = 563C25D52993227D00A75F65 /* DinamicTabIndicatorsApp.swift */; };
		563C25D82993227D00A75F65 /* ContentView.swift in Sources */ = {isa = PBXBuildFile; fileRef = 563C25D72993227D00A75F65 /* ContentView.swift */; };
		563C25DA2993227F00A75F65 /* Assets.xcassets in Resources */ = {isa = PBXBuildFile; fileRef = 563C25D92993227F00A75F65 /* Assets.xcassets */; };
		563C25DD2993227F00A75F65 /* Preview Assets.xcassets in Resources */ = {isa = PBXBuildFile; fileRef = 563C25DC2993227F00A75F65 /* Preview Assets.xcassets */; };
		563C25E7299323FA00A75F65 /* Home.swift in Sources */ = {isa = PBXBuildFile; fileRef = 563C25E6299323FA00A75F65 /* Home.swift */; };
		563C25E9299324A200A75F65 /* Tab.swift in Sources */ = {isa = PBXBuildFile; fileRef = 563C25E8299324A200A75F65 /* Tab.swift */; };
		563C25EB29932C7500A75F65 /* ScrollOffset.swift in Sources */ = {isa = PBXBuildFile; fileRef = 563C25EA29932C7500A75F65 /* ScrollOffset.swift */; };
		563C25ED299331AB00A75F65 /* LinearInterpolation.swift in Sources */ = {isa = PBXBuildFile; fileRef = 563C25EC299331AB00A75F65 /* LinearInterpolation.swift */; };
/* End PBXBuildFile section */

/* Begin PBXFileReference section */
		563C25D22993227D00A75F65 /* DinamicTabIndicators.app */ = {isa = PBXFileReference; explicitFileType = wrapper.application; includeInIndex = 0; path = DinamicTabIndicators.app; sourceTree = BUILT_PRODUCTS_DIR; };
		563C25D52993227D00A75F65 /* DinamicTabIndicatorsApp.swift */ = {isa = PBXFileReference; lastKnownFileType = sourcecode.swift; path = DinamicTabIndicatorsApp.swift; sourceTree = "<group>"; };
		563C25D72993227D00A75F65 /* ContentView.swift */ = {isa = PBXFileReference; lastKnownFileType = sourcecode.swift; path = ContentView.swift; sourceTree = "<group>"; };
		563C25D92993227F00A75F65 /* Assets.xcassets */ = {isa = PBXFileReference; lastKnownFileType = folder.assetcatalog; path = Assets.xcassets; sourceTree = "<group>"; };
		563C25DC2993227F00A75F65 /* Preview Assets.xcassets */ = {isa = PBXFileReference; lastKnownFileType = folder.assetcatalog; path = "Preview Assets.xcassets"; sourceTree = "<group>"; };
		563C25E6299323FA00A75F65 /* Home.swift */ = {isa = PBXFileReference; lastKnownFileType = sourcecode.swift; path = Home.swift; sourceTree = "<group>"; };
		563C25E8299324A200A75F65 /* Tab.swift */ = {isa = PBXFileReference; lastKnownFileType = sourcecode.swift; path = Tab.swift; sourceTree = "<group>"; };
		563C25EA29932C7500A75F65 /* ScrollOffset.swift */ = {isa = PBXFileReference; lastKnownFileType = sourcecode.swift; path = ScrollOffset.swift; sourceTree = "<group>"; };
		563C25EC299331AB00A75F65 /* LinearInterpolation.swift */ = {isa = PBXFileReference; lastKnownFileType = sourcecode.swift; path = LinearInterpolation.swift; sourceTree = "<group>"; };
/* End PBXFileReference section */

/* Begin PBXFrameworksBuildPhase section */
		563C25CF2993227D00A75F65 /* Frameworks */ = {
			isa = PBXFrameworksBuildPhase;
			buildActionMask = 2147483647;
			files = (
			);
			runOnlyForDeploymentPostprocessing = 0;
		};
/* End PBXFrameworksBuildPhase section */

/* Begin PBXGroup section */
		563C25C92993227D00A75F65 = {
			isa = PBXGroup;
			children = (
				563C25D42993227D00A75F65 /* DinamicTabIndicators */,
				563C25D32993227D00A75F65 /* Products */,
			);
			sourceTree = "<group>";
		};
		563C25D32993227D00A75F65 /* Products */ = {
			isa = PBXGroup;
			children = (
				563C25D22993227D00A75F65 /* DinamicTabIndicators.app */,
			);
			name = Products;
			sourceTree = "<group>";
		};
		563C25D42993227D00A75F65 /* DinamicTabIndicators */ = {
			isa = PBXGroup;
			children = (
				563C25E5299323C500A75F65 /* Helpers */,
				563C25E4299323BD00A75F65 /* Model */,
				563C25E3299323B500A75F65 /* View */,
				563C25D52993227D00A75F65 /* DinamicTabIndicatorsApp.swift */,
				563C25D72993227D00A75F65 /* ContentView.swift */,
				563C25D92993227F00A75F65 /* Assets.xcassets */,
				563C25DB2993227F00A75F65 /* Preview Content */,
			);
			path = DinamicTabIndicators;
			sourceTree = "<group>";
		};
		563C25DB2993227F00A75F65 /* Preview Content */ = {
			isa = PBXGroup;
			children = (
				563C25DC2993227F00A75F65 /* Preview Assets.xcassets */,
			);
			path = "Preview Content";
			sourceTree = "<group>";
		};
		563C25E3299323B500A75F65 /* View */ = {
			isa = PBXGroup;
			children = (
				563C25E6299323FA00A75F65 /* Home.swift */,
			);
			path = View;
			sourceTree = "<group>";
		};
		563C25E4299323BD00A75F65 /* Model */ = {
			isa = PBXGroup;
			children = (
				563C25E8299324A200A75F65 /* Tab.swift */,
			);
			path = Model;
			sourceTree = "<group>";
		};
		563C25E5299323C500A75F65 /* Helpers */ = {
			isa = PBXGroup;
			children = (
				563C25EA29932C7500A75F65 /* ScrollOffset.swift */,
				563C25EC299331AB00A75F65 /* LinearInterpolation.swift */,
			);
			path = Helpers;
			sourceTree = "<group>";
		};
/* End PBXGroup section */

/* Begin PBXNativeTarget section */
		563C25D12993227D00A75F65 /* DinamicTabIndicators */ = {
			isa = PBXNativeTarget;
			buildConfigurationList = 563C25E02993227F00A75F65 /* Build configuration list for PBXNativeTarget "DinamicTabIndicators" */;
			buildPhases = (
				563C25CE2993227D00A75F65 /* Sources */,
				563C25CF2993227D00A75F65 /* Frameworks */,
				563C25D02993227D00A75F65 /* Resources */,
			);
			buildRules = (
			);
			dependencies = (
			);
			name = DinamicTabIndicators;
			productName = DinamicTabIndicators;
			productReference = 563C25D22993227D00A75F65 /* DinamicTabIndicators.app */;
			productType = "com.apple.product-type.application";
		};
/* End PBXNativeTarget section */

/* Begin PBXProject section */
		563C25CA2993227D00A75F65 /* Project object */ = {
			isa = PBXProject;
			attributes = {
				BuildIndependentTargetsInParallel = 1;
				LastSwiftUpdateCheck = 1420;
				LastUpgradeCheck = 1420;
				TargetAttributes = {
					563C25D12993227D00A75F65 = {
						CreatedOnToolsVersion = 14.2;
					};
				};
			};
			buildConfigurationList = 563C25CD2993227D00A75F65 /* Build configuration list for PBXProject "DinamicTabIndicators" */;
			compatibilityVersion = "Xcode 14.0";
			developmentRegion = en;
			hasScannedForEncodings = 0;
			knownRegions = (
				en,
				Base,
			);
			mainGroup = 563C25C92993227D00A75F65;
			productRefGroup = 563C25D32993227D00A75F65 /* Products */;
			projectDirPath = "";
			projectRoot = "";
			targets = (
				563C25D12993227D00A75F65 /* DinamicTabIndicators */,
			);
		};
/* End PBXProject section */

/* Begin PBXResourcesBuildPhase section */
		563C25D02993227D00A75F65 /* Resources */ = {
			isa = PBXResourcesBuildPhase;
			buildActionMask = 2147483647;
			files = (
				563C25DD2993227F00A75F65 /* Preview Assets.xcassets in Resources */,
				563C25DA2993227F00A75F65 /* Assets.xcassets in Resources */,
			);
			runOnlyForDeploymentPostprocessing = 0;
		};
/* End PBXResourcesBuildPhase section */

/* Begin PBXSourcesBuildPhase section */
		563C25CE2993227D00A75F65 /* Sources */ = {
			isa = PBXSourcesBuildPhase;
			buildActionMask = 2147483647;
			files = (
				563C25D82993227D00A75F65 /* ContentView.swift in Sources */,
				563C25E7299323FA00A75F65 /* Home.swift in Sources */,
				563C25EB29932C7500A75F65 /* ScrollOffset.swift in Sources */,
				563C25D62993227D00A75F65 /* DinamicTabIndicatorsApp.swift in Sources */,
				563C25E9299324A200A75F65 /* Tab.swift in Sources */,
				563C25ED299331AB00A75F65 /* LinearInterpolation.swift in Sources */,
			);
			runOnlyForDeploymentPostprocessing = 0;
		};
/* End PBXSourcesBuildPhase section */

/* Begin XCBuildConfiguration section */
		563C25DE2993227F00A75F65 /* Debug */ = {
			isa = XCBuildConfiguration;
			buildSettings = {
				ALWAYS_SEARCH_USER_PATHS = NO;
				CLANG_ANALYZER_NONNULL = YES;
				CLANG_ANALYZER_NUMBER_OBJECT_CONVERSION = YES_AGGRESSIVE;
				CLANG_CXX_LANGUAGE_STANDARD = "gnu++20";
				CLANG_ENABLE_MODULES = YES;
				CLANG_ENABLE_OBJC_ARC = YES;
				CLANG_ENABLE_OBJC_WEAK = YES;
				CLANG_WARN_BLOCK_CAPTURE_AUTORELEASING = YES;
				CLANG_WARN_BOOL_CONVERSION = YES;
				CLANG_WARN_COMMA = YES;
				CLANG_WARN_CONSTANT_CONVERSION = YES;
				CLANG_WARN_DEPRECATED_OBJC_IMPLEMENTATIONS = YES;
				CLANG_WARN_DIRECT_OBJC_ISA_USAGE = YES_ERROR;
				CLANG_WARN_DOCUMENTATION_COMMENTS = YES;
				CLANG_WARN_EMPTY_BODY = YES;
				CLANG_WARN_ENUM_CONVERSION = YES;
				CLANG_WARN_INFINITE_RECURSION = YES;
				CLANG_WARN_INT_CONVERSION = YES;
				CLANG_WARN_NON_LITERAL_NULL_CONVERSION = YES;
				CLANG_WARN_OBJC_IMPLICIT_RETAIN_SELF = YES;
				CLANG_WARN_OBJC_LITERAL_CONVERSION = YES;
				CLANG_WARN_OBJC_ROOT_CLASS = YES_ERROR;
				CLANG_WARN_QUOTED_INCLUDE_IN_FRAMEWORK_HEADER = YES;
				CLANG_WARN_RANGE_LOOP_ANALYSIS = YES;
				CLANG_WARN_STRICT_PROTOTYPES = YES;
				CLANG_WARN_SUSPICIOUS_MOVE = YES;
				CLANG_WARN_UNGUARDED_AVAILABILITY = YES_AGGRESSIVE;
				CLANG_WARN_UNREACHABLE_CODE = YES;
				CLANG_WARN__DUPLICATE_METHOD_MATCH = YES;
				COPY_PHASE_STRIP = NO;
				DEBUG_INFORMATION_FORMAT = dwarf;
				ENABLE_STRICT_OBJC_MSGSEND = YES;
				ENABLE_TESTABILITY = YES;
				GCC_C_LANGUAGE_STANDARD = gnu11;
				GCC_DYNAMIC_NO_PIC = NO;
				GCC_NO_COMMON_BLOCKS = YES;
				GCC_OPTIMIZATION_LEVEL = 0;
				GCC_PREPROCESSOR_DEFINITIONS = (
					"DEBUG=1",
					"$(inherited)",
				);
				GCC_WARN_64_TO_32_BIT_CONVERSION = YES;
				GCC_WARN_ABOUT_RETURN_TYPE = YES_ERROR;
				GCC_WARN_UNDECLARED_SELECTOR = YES;
				GCC_WARN_UNINITIALIZED_AUTOS = YES_AGGRESSIVE;
				GCC_WARN_UNUSED_FUNCTION = YES;
				GCC_WARN_UNUSED_VARIABLE = YES;
				IPHONEOS_DEPLOYMENT_TARGET = 16.2;
				MTL_ENABLE_DEBUG_INFO = INCLUDE_SOURCE;
				MTL_FAST_MATH = YES;
				ONLY_ACTIVE_ARCH = YES;
				SDKROOT = iphoneos;
				SWIFT_ACTIVE_COMPILATION_CONDITIONS = DEBUG;
				SWIFT_OPTIMIZATION_LEVEL = "-Onone";
			};
			name = Debug;
		};
		563C25DF2993227F00A75F65 /* Release */ = {
			isa = XCBuildConfiguration;
			buildSettings = {
				ALWAYS_SEARCH_USER_PATHS = NO;
				CLANG_ANALYZER_NONNULL = YES;
				CLANG_ANALYZER_NUMBER_OBJECT_CONVERSION = YES_AGGRESSIVE;
				CLANG_CXX_LANGUAGE_STANDARD = "gnu++20";
				CLANG_ENABLE_MODULES = YES;
				CLANG_ENABLE_OBJC_ARC = YES;
				CLANG_ENABLE_OBJC_WEAK = YES;
				CLANG_WARN_BLOCK_CAPTURE_AUTORELEASING = YES;
				CLANG_WARN_BOOL_CONVERSION = YES;
				CLANG_WARN_COMMA = YES;
				CLANG_WARN_CONSTANT_CONVERSION = YES;
				CLANG_WARN_DEPRECATED_OBJC_IMPLEMENTATIONS = YES;
				CLANG_WARN_DIRECT_OBJC_ISA_USAGE = YES_ERROR;
				CLANG_WARN_DOCUMENTATION_COMMENTS = YES;
				CLANG_WARN_EMPTY_BODY = YES;
				CLANG_WARN_ENUM_CONVERSION = YES;
				CLANG_WARN_INFINITE_RECURSION = YES;
				CLANG_WARN_INT_CONVERSION = YES;
				CLANG_WARN_NON_LITERAL_NULL_CONVERSION = YES;
				CLANG_WARN_OBJC_IMPLICIT_RETAIN_SELF = YES;
				CLANG_WARN_OBJC_LITERAL_CONVERSION = YES;
				CLANG_WARN_OBJC_ROOT_CLASS = YES_ERROR;
				CLANG_WARN_QUOTED_INCLUDE_IN_FRAMEWORK_HEADER = YES;
				CLANG_WARN_RANGE_LOOP_ANALYSIS = YES;
				CLANG_WARN_STRICT_PROTOTYPES = YES;
				CLANG_WARN_SUSPICIOUS_MOVE = YES;
				CLANG_WARN_UNGUARDED_AVAILABILITY = YES_AGGRESSIVE;
				CLANG_WARN_UNREACHABLE_CODE = YES;
				CLANG_WARN__DUPLICATE_METHOD_MATCH = YES;
				COPY_PHASE_STRIP = NO;
				DEBUG_INFORMATION_FORMAT = "dwarf-with-dsym";
				ENABLE_NS_ASSERTIONS = NO;
				ENABLE_STRICT_OBJC_MSGSEND = YES;
				GCC_C_LANGUAGE_STANDARD = gnu11;
				GCC_NO_COMMON_BLOCKS = YES;
				GCC_WARN_64_TO_32_BIT_CONVERSION = YES;
				GCC_WARN_ABOUT_RETURN_TYPE = YES_ERROR;
				GCC_WARN_UNDECLARED_SELECTOR = YES;
				GCC_WARN_UNINITIALIZED_AUTOS = YES_AGGRESSIVE;
				GCC_WARN_UNUSED_FUNCTION = YES;
				GCC_WARN_UNUSED_VARIABLE = YES;
				IPHONEOS_DEPLOYMENT_TARGET = 16.2;
				MTL_ENABLE_DEBUG_INFO = NO;
				MTL_FAST_MATH = YES;
				SDKROOT = iphoneos;
				SWIFT_COMPILATION_MODE = wholemodule;
				SWIFT_OPTIMIZATION_LEVEL = "-O";
				VALIDATE_PRODUCT = YES;
			};
			name = Release;
		};
		563C25E12993227F00A75F65 /* Debug */ = {
			isa = XCBuildConfiguration;
			buildSettings = {
				ASSETCATALOG_COMPILER_APPICON_NAME = AppIcon;
				ASSETCATALOG_COMPILER_GLOBAL_ACCENT_COLOR_NAME = AccentColor;
				CODE_SIGN_STYLE = Automatic;
				CURRENT_PROJECT_VERSION = 1;
				DEVELOPMENT_ASSET_PATHS = "\"DinamicTabIndicators/Preview Content\"";
				DEVELOPMENT_TEAM = PZ37P64H52;
				ENABLE_PREVIEWS = YES;
				GENERATE_INFOPLIST_FILE = YES;
				INFOPLIST_KEY_UIApplicationSceneManifest_Generation = YES;
				INFOPLIST_KEY_UIApplicationSupportsIndirectInputEvents = YES;
				INFOPLIST_KEY_UILaunchScreen_Generation = YES;
				INFOPLIST_KEY_UISupportedInterfaceOrientations_iPad = "UIInterfaceOrientationPortrait UIInterfaceOrientationPortraitUpsideDown UIInterfaceOrientationLandscapeLeft UIInterfaceOrientationLandscapeRight";
				INFOPLIST_KEY_UISupportedInterfaceOrientations_iPhone = "UIInterfaceOrientationPortrait UIInterfaceOrientationLandscapeLeft UIInterfaceOrientationLandscapeRight";
				LD_RUNPATH_SEARCH_PATHS = (
					"$(inherited)",
					"@executable_path/Frameworks",
				);
				MARKETING_VERSION = 1.0;
				PRODUCT_BUNDLE_IDENTIFIER = br.com.glaubergustavo.DinamicTabIndicators;
				PRODUCT_NAME = "$(TARGET_NAME)";
				SWIFT_EMIT_LOC_STRINGS = YES;
				SWIFT_VERSION = 5.0;
				TARGETED_DEVICE_FAMILY = "1,2";
			};
			name = Debug;
		};
		563C25E22993227F00A75F65 /* Release */ = {
			isa = XCBuildConfiguration;
			buildSettings = {
				ASSETCATALOG_COMPILER_APPICON_NAME = AppIcon;
				ASSETCATALOG_COMPILER_GLOBAL_ACCENT_COLOR_NAME = AccentColor;
				CODE_SIGN_STYLE = Automatic;
				CURRENT_PROJECT_VERSION = 1;
				DEVELOPMENT_ASSET_PATHS = "\"DinamicTabIndicators/Preview Content\"";
				DEVELOPMENT_TEAM = PZ37P64H52;
				ENABLE_PREVIEWS = YES;
				GENERATE_INFOPLIST_FILE = YES;
				INFOPLIST_KEY_UIApplicationSceneManifest_Generation = YES;
				INFOPLIST_KEY_UIApplicationSupportsIndirectInputEvents = YES;
				INFOPLIST_KEY_UILaunchScreen_Generation = YES;
				INFOPLIST_KEY_UISupportedInterfaceOrientations_iPad = "UIInterfaceOrientationPortrait UIInterfaceOrientationPortraitUpsideDown UIInterfaceOrientationLandscapeLeft UIInterfaceOrientationLandscapeRight";
				INFOPLIST_KEY_UISupportedInterfaceOrientations_iPhone = "UIInterfaceOrientationPortrait UIInterfaceOrientationLandscapeLeft UIInterfaceOrientationLandscapeRight";
				LD_RUNPATH_SEARCH_PATHS = (
					"$(inherited)",
					"@executable_path/Frameworks",
				);
				MARKETING_VERSION = 1.0;
				PRODUCT_BUNDLE_IDENTIFIER = br.com.glaubergustavo.DinamicTabIndicators;
				PRODUCT_NAME = "$(TARGET_NAME)";
				SWIFT_EMIT_LOC_STRINGS = YES;
				SWIFT_VERSION = 5.0;
				TARGETED_DEVICE_FAMILY = "1,2";
			};
			name = Release;
		};
/* End XCBuildConfiguration section */

/* Begin XCConfigurationList section */
		563C25CD2993227D00A75F65 /* Build configuration list for PBXProject "DinamicTabIndicators" */ = {
			isa = XCConfigurationList;
			buildConfigurations = (
				563C25DE2993227F00A75F65 /* Debug */,
				563C25DF2993227F00A75F65 /* Release */,
			);
			defaultConfigurationIsVisible = 0;
			defaultConfigurationName = Release;
		};
		563C25E02993227F00A75F65 /* Build configuration list for PBXNativeTarget "DinamicTabIndicators" */ = {
			isa = XCConfigurationList;
			buildConfigurations = (
				563C25E12993227F00A75F65 /* Debug */,
				563C25E22993227F00A75F65 /* Release */,
			);
			defaultConfigurationIsVisible = 0;
			defaultConfigurationName = Release;
		};
/* End XCConfigurationList section */
	};
	rootObject = 563C25CA2993227D00A75F65 /* Project object */;
}
